
Microsoft Visual Studio Solution File, Format Version 12.00
# Visual Studio 15
Project("{FAE04EC0-301F-11D3-BF4B-00C04F79EFBC}") = "shot plane_2", "Assembly-CSharp.csproj", "{AAD4F79F-216F-861E-C9B1-C7C9F38E3C1E}"
EndProject
Project("{FAE04EC0-301F-11D3-BF4B-00C04F79EFBC}") = "shot plane_2", "Assembly-CSharp-firstpass.csproj", "{9F3E1191-A2D5-5C56-F0C2-DE34591BE615}"
EndProject
Project("{FAE04EC0-301F-11D3-BF4B-00C04F79EFBC}") = "shot plane_2", "Assembly-CSharp-Editor-firstpass.csproj", "{A707FAEB-FECB-7CAB-D57D-99B3220AC983}"
EndProject
Global
	GlobalSection(SolutionConfigurationPlatforms) = preSolution
		Debug|Any CPU = Debug|Any CPU
		Release|Any CPU = Release|Any CPU
	EndGlobalSection
	GlobalSection(ProjectConfigurationPlatforms) = postSolution
		{AAD4F79F-216F-861E-C9B1-C7C9F38E3C1E}.Debug|Any CPU.ActiveCfg = Debug|Any CPU
		{AAD4F79F-216F-861E-C9B1-C7C9F38E3C1E}.Debug|Any CPU.Build.0 = Debug|Any CPU
		{AAD4F79F-216F-861E-C9B1-C7C9F38E3C1E}.Release|Any CPU.ActiveCfg = Release|Any CPU
		{AAD4F79F-216F-861E-C9B1-C7C9F38E3C1E}.Release|Any CPU.Build.0 = Release|Any CPU
		{9F3E1191-A2D5-5C56-F0C2-DE34591BE615}.Debug|Any CPU.ActiveCfg = Debug|Any CPU
		{9F3E1191-A2D5-5C56-F0C2-DE34591BE615}.Debug|Any CPU.Build.0 = Debug|Any CPU
		{9F3E1191-A2D5-5C56-F0C2-DE34591BE615}.Release|Any CPU.ActiveCfg = Release|Any CPU
		{9F3E1191-A2D5-5C56-F0C2-DE34591BE615}.Release|Any CPU.Build.0 = Release|Any CPU
		{A707FAEB-FECB-7CAB-D57D-99B3220AC983}.Debug|Any CPU.ActiveCfg = Debug|Any CPU
		{A707FAEB-FECB-7CAB-D57D-99B3220AC983}.Debug|Any CPU.Build.0 = Debug|Any CPU
		{A707FAEB-FECB-7CAB-D57D-99B3220AC983}.Release|Any CPU.ActiveCfg = Release|Any CPU
		{A707FAEB-FECB-7CAB-D57D-99B3220AC983}.Release|Any CPU.Build.0 = Release|Any CPU
	EndGlobalSection
	GlobalSection(SolutionProperties) = preSolution
		HideSolutionNode = FALSE
	EndGlobalSection
EndGlobal
